// !$*UTF8*$!
{
	archiveVersion = 1;
	classes = {
	};
	objectVersion = 50;
	objects = {

/* Begin PBXBuildFile section */
		19D1C57A22917178002BCD29 /* AppDelegate.swift in Sources */ = {isa = PBXBuildFile; fileRef = 19D1C57922917178002BCD29 /* AppDelegate.swift */; };
		19D1C57C22917178002BCD29 /* ViewController.swift in Sources */ = {isa = PBXBuildFile; fileRef = 19D1C57B22917178002BCD29 /* ViewController.swift */; };
		19D1C57F22917178002BCD29 /* Main.storyboard in Resources */ = {isa = PBXBuildFile; fileRef = 19D1C57D22917178002BCD29 /* Main.storyboard */; };
		19D1C58222917178002BCD29 /* CoreData.xcdatamodeld in Sources */ = {isa = PBXBuildFile; fileRef = 19D1C58022917178002BCD29 /* CoreData.xcdatamodeld */; };
		19D1C5842291717A002BCD29 /* Assets.xcassets in Resources */ = {isa = PBXBuildFile; fileRef = 19D1C5832291717A002BCD29 /* Assets.xcassets */; };
		19D1C5872291717A002BCD29 /* LaunchScreen.storyboard in Resources */ = {isa = PBXBuildFile; fileRef = 19D1C5852291717A002BCD29 /* LaunchScreen.storyboard */; };
		19D1C5922291717A002BCD29 /* CoreDataTests.swift in Sources */ = {isa = PBXBuildFile; fileRef = 19D1C5912291717A002BCD29 /* CoreDataTests.swift */; };
		19D1C59D2291717A002BCD29 /* CoreDataUITests.swift in Sources */ = {isa = PBXBuildFile; fileRef = 19D1C59C2291717A002BCD29 /* CoreDataUITests.swift */; };
/* End PBXBuildFile section */

/* Begin PBXContainerItemProxy section */
		19D1C58E2291717A002BCD29 /* PBXContainerItemProxy */ = {
			isa = PBXContainerItemProxy;
			containerPortal = 19D1C56E22917178002BCD29 /* Project object */;
			proxyType = 1;
			remoteGlobalIDString = 19D1C57522917178002BCD29;
			remoteInfo = CoreData;
		};
		19D1C5992291717A002BCD29 /* PBXContainerItemProxy */ = {
			isa = PBXContainerItemProxy;
			containerPortal = 19D1C56E22917178002BCD29 /* Project object */;
			proxyType = 1;
			remoteGlobalIDString = 19D1C57522917178002BCD29;
			remoteInfo = CoreData;
		};
/* End PBXContainerItemProxy section */

/* Begin PBXFileReference section */
		19D1C57622917178002BCD29 /* CoreData.app */ = {isa = PBXFileReference; explicitFileType = wrapper.application; includeInIndex = 0; path = CoreData.app; sourceTree = BUILT_PRODUCTS_DIR; };
		19D1C57922917178002BCD29 /* AppDelegate.swift */ = {isa = PBXFileReference; lastKnownFileType = sourcecode.swift; path = AppDelegate.swift; sourceTree = "<group>"; };
		19D1C57B22917178002BCD29 /* ViewController.swift */ = {isa = PBXFileReference; lastKnownFileType = sourcecode.swift; path = ViewController.swift; sourceTree = "<group>"; };
		19D1C57E22917178002BCD29 /* Base */ = {isa = PBXFileReference; lastKnownFileType = file.storyboard; name = Base; path = Base.lproj/Main.storyboard; sourceTree = "<group>"; };
		19D1C58122917178002BCD29 /* CoreData.xcdatamodel */ = {isa = PBXFileReference; lastKnownFileType = wrapper.xcdatamodel; path = CoreData.xcdatamodel; sourceTree = "<group>"; };
		19D1C5832291717A002BCD29 /* Assets.xcassets */ = {isa = PBXFileReference; lastKnownFileType = folder.assetcatalog; path = Assets.xcassets; sourceTree = "<group>"; };
		19D1C5862291717A002BCD29 /* Base */ = {isa = PBXFileReference; lastKnownFileType = file.storyboard; name = Base; path = Base.lproj/LaunchScreen.storyboard; sourceTree = "<group>"; };
		19D1C5882291717A002BCD29 /* Info.plist */ = {isa = PBXFileReference; lastKnownFileType = text.plist.xml; path = Info.plist; sourceTree = "<group>"; };
		19D1C58D2291717A002BCD29 /* CoreDataTests.xctest */ = {isa = PBXFileReference; explicitFileType = wrapper.cfbundle; includeInIndex = 0; path = CoreDataTests.xctest; sourceTree = BUILT_PRODUCTS_DIR; };
		19D1C5912291717A002BCD29 /* CoreDataTests.swift */ = {isa = PBXFileReference; lastKnownFileType = sourcecode.swift; path = CoreDataTests.swift; sourceTree = "<group>"; };
		19D1C5932291717A002BCD29 /* Info.plist */ = {isa = PBXFileReference; lastKnownFileType = text.plist.xml; path = Info.plist; sourceTree = "<group>"; };
		19D1C5982291717A002BCD29 /* CoreDataUITests.xctest */ = {isa = PBXFileReference; explicitFileType = wrapper.cfbundle; includeInIndex = 0; path = CoreDataUITests.xctest; sourceTree = BUILT_PRODUCTS_DIR; };
		19D1C59C2291717A002BCD29 /* CoreDataUITests.swift */ = {isa = PBXFileReference; lastKnownFileType = sourcecode.swift; path = CoreDataUITests.swift; sourceTree = "<group>"; };
		19D1C59E2291717A002BCD29 /* Info.plist */ = {isa = PBXFileReference; lastKnownFileType = text.plist.xml; path = Info.plist; sourceTree = "<group>"; };
/* End PBXFileReference section */

/* Begin PBXFrameworksBuildPhase section */
		19D1C57322917178002BCD29 /* Frameworks */ = {
			isa = PBXFrameworksBuildPhase;
			buildActionMask = 2147483647;
			files = (
			);
			runOnlyForDeploymentPostprocessing = 0;
		};
		19D1C58A2291717A002BCD29 /* Frameworks */ = {
			isa = PBXFrameworksBuildPhase;
			buildActionMask = 2147483647;
			files = (
			);
			runOnlyForDeploymentPostprocessing = 0;
		};
		19D1C5952291717A002BCD29 /* Frameworks */ = {
			isa = PBXFrameworksBuildPhase;
			buildActionMask = 2147483647;
			files = (
			);
			runOnlyForDeploymentPostprocessing = 0;
		};
/* End PBXFrameworksBuildPhase section */

/* Begin PBXGroup section */
		19D1C56D22917178002BCD29 = {
			isa = PBXGroup;
			children = (
				19D1C57822917178002BCD29 /* CoreData */,
				19D1C5902291717A002BCD29 /* CoreDataTests */,
				19D1C59B2291717A002BCD29 /* CoreDataUITests */,
				19D1C57722917178002BCD29 /* Products */,
			);
			sourceTree = "<group>";
		};
		19D1C57722917178002BCD29 /* Products */ = {
			isa = PBXGroup;
			children = (
				19D1C57622917178002BCD29 /* CoreData.app */,
				19D1C58D2291717A002BCD29 /* CoreDataTests.xctest */,
				19D1C5982291717A002BCD29 /* CoreDataUITests.xctest */,
			);
			name = Products;
			sourceTree = "<group>";
		};
		19D1C57822917178002BCD29 /* CoreData */ = {
			isa = PBXGroup;
			children = (
				19D1C57922917178002BCD29 /* AppDelegate.swift */,
				19D1C57B22917178002BCD29 /* ViewController.swift */,
				19D1C57D22917178002BCD29 /* Main.storyboard */,
				19D1C5832291717A002BCD29 /* Assets.xcassets */,
				19D1C5852291717A002BCD29 /* LaunchScreen.storyboard */,
				19D1C5882291717A002BCD29 /* Info.plist */,
				19D1C58022917178002BCD29 /* CoreData.xcdatamodeld */,
			);
			path = CoreData;
			sourceTree = "<group>";
		};
		19D1C5902291717A002BCD29 /* CoreDataTests */ = {
			isa = PBXGroup;
			children = (
				19D1C5912291717A002BCD29 /* CoreDataTests.swift */,
				19D1C5932291717A002BCD29 /* Info.plist */,
			);
			path = CoreDataTests;
			sourceTree = "<group>";
		};
		19D1C59B2291717A002BCD29 /* CoreDataUITests */ = {
			isa = PBXGroup;
			children = (
				19D1C59C2291717A002BCD29 /* CoreDataUITests.swift */,
				19D1C59E2291717A002BCD29 /* Info.plist */,
			);
			path = CoreDataUITests;
			sourceTree = "<group>";
		};
/* End PBXGroup section */

/* Begin PBXNativeTarget section */
		19D1C57522917178002BCD29 /* CoreData */ = {
			isa = PBXNativeTarget;
			buildConfigurationList = 19D1C5A12291717A002BCD29 /* Build configuration list for PBXNativeTarget "CoreData" */;
			buildPhases = (
				19D1C57222917178002BCD29 /* Sources */,
				19D1C57322917178002BCD29 /* Frameworks */,
				19D1C57422917178002BCD29 /* Resources */,
			);
			buildRules = (
			);
			dependencies = (
			);
			name = CoreData;
			productName = CoreData;
			productReference = 19D1C57622917178002BCD29 /* CoreData.app */;
			productType = "com.apple.product-type.application";
		};
		19D1C58C2291717A002BCD29 /* CoreDataTests */ = {
			isa = PBXNativeTarget;
			buildConfigurationList = 19D1C5A42291717A002BCD29 /* Build configuration list for PBXNativeTarget "CoreDataTests" */;
			buildPhases = (
				19D1C5892291717A002BCD29 /* Sources */,
				19D1C58A2291717A002BCD29 /* Frameworks */,
				19D1C58B2291717A002BCD29 /* Resources */,
			);
			buildRules = (
			);
			dependencies = (
				19D1C58F2291717A002BCD29 /* PBXTargetDependency */,
			);
			name = CoreDataTests;
			productName = CoreDataTests;
			productReference = 19D1C58D2291717A002BCD29 /* CoreDataTests.xctest */;
			productType = "com.apple.product-type.bundle.unit-test";
		};
		19D1C5972291717A002BCD29 /* CoreDataUITests */ = {
			isa = PBXNativeTarget;
			buildConfigurationList = 19D1C5A72291717A002BCD29 /* Build configuration list for PBXNativeTarget "CoreDataUITests" */;
			buildPhases = (
				19D1C5942291717A002BCD29 /* Sources */,
				19D1C5952291717A002BCD29 /* Frameworks */,
				19D1C5962291717A002BCD29 /* Resources */,
			);
			buildRules = (
			);
			dependencies = (
				19D1C59A2291717A002BCD29 /* PBXTargetDependency */,
			);
			name = CoreDataUITests;
			productName = CoreDataUITests;
			productReference = 19D1C5982291717A002BCD29 /* CoreDataUITests.xctest */;
			productType = "com.apple.product-type.bundle.ui-testing";
		};
/* End PBXNativeTarget section */

/* Begin PBXProject section */
		19D1C56E22917178002BCD29 /* Project object */ = {
			isa = PBXProject;
			attributes = {
				LastSwiftUpdateCheck = 1020;
				LastUpgradeCheck = 1020;
				ORGANIZATIONNAME = "Alex Lin";
				TargetAttributes = {
					19D1C57522917178002BCD29 = {
						CreatedOnToolsVersion = 10.2.1;
					};
					19D1C58C2291717A002BCD29 = {
						CreatedOnToolsVersion = 10.2.1;
						TestTargetID = 19D1C57522917178002BCD29;
					};
					19D1C5972291717A002BCD29 = {
						CreatedOnToolsVersion = 10.2.1;
						TestTargetID = 19D1C57522917178002BCD29;
					};
				};
			};
			buildConfigurationList = 19D1C57122917178002BCD29 /* Build configuration list for PBXProject "CoreData" */;
			compatibilityVersion = "Xcode 9.3";
			developmentRegion = en;
			hasScannedForEncodings = 0;
			knownRegions = (
				en,
				Base,
			);
			mainGroup = 19D1C56D22917178002BCD29;
			productRefGroup = 19D1C57722917178002BCD29 /* Products */;
			projectDirPath = "";
			projectRoot = "";
			targets = (
				19D1C57522917178002BCD29 /* CoreData */,
				19D1C58C2291717A002BCD29 /* CoreDataTests */,
				19D1C5972291717A002BCD29 /* CoreDataUITests */,
			);
		};
/* End PBXProject section */

/* Begin PBXResourcesBuildPhase section */
		19D1C57422917178002BCD29 /* Resources */ = {
			isa = PBXResourcesBuildPhase;
			buildActionMask = 2147483647;
			files = (
				19D1C5872291717A002BCD29 /* LaunchScreen.storyboard in Resources */,
				19D1C5842291717A002BCD29 /* Assets.xcassets in Resources */,
				19D1C57F22917178002BCD29 /* Main.storyboard in Resources */,
			);
			runOnlyForDeploymentPostprocessing = 0;
		};
		19D1C58B2291717A002BCD29 /* Resources */ = {
			isa = PBXResourcesBuildPhase;
			buildActionMask = 2147483647;
			files = (
			);
			runOnlyForDeploymentPostprocessing = 0;
		};
		19D1C5962291717A002BCD29 /* Resources */ = {
			isa = PBXResourcesBuildPhase;
			buildActionMask = 2147483647;
			files = (
			);
			runOnlyForDeploymentPostprocessing = 0;
		};
/* End PBXResourcesBuildPhase section */

/* Begin PBXSourcesBuildPhase section */
		19D1C57222917178002BCD29 /* Sources */ = {
			isa = PBXSourcesBuildPhase;
			buildActionMask = 2147483647;
			files = (
				19D1C57C22917178002BCD29 /* ViewController.swift in Sources */,
				19D1C57A22917178002BCD29 /* AppDelegate.swift in Sources */,
				19D1C58222917178002BCD29 /* CoreData.xcdatamodeld in Sources */,
			);
			runOnlyForDeploymentPostprocessing = 0;
		};
		19D1C5892291717A002BCD29 /* Sources */ = {
			isa = PBXSourcesBuildPhase;
			buildActionMask = 2147483647;
			files = (
				19D1C5922291717A002BCD29 /* CoreDataTests.swift in Sources */,
			);
			runOnlyForDeploymentPostprocessing = 0;
		};
		19D1C5942291717A002BCD29 /* Sources */ = {
			isa = PBXSourcesBuildPhase;
			buildActionMask = 2147483647;
			files = (
				19D1C59D2291717A002BCD29 /* CoreDataUITests.swift in Sources */,
			);
			runOnlyForDeploymentPostprocessing = 0;
		};
/* End PBXSourcesBuildPhase section */

/* Begin PBXTargetDependency section */
		19D1C58F2291717A002BCD29 /* PBXTargetDependency */ = {
			isa = PBXTargetDependency;
			target = 19D1C57522917178002BCD29 /* CoreData */;
			targetProxy = 19D1C58E2291717A002BCD29 /* PBXContainerItemProxy */;
		};
		19D1C59A2291717A002BCD29 /* PBXTargetDependency */ = {
			isa = PBXTargetDependency;
			target = 19D1C57522917178002BCD29 /* CoreData */;
			targetProxy = 19D1C5992291717A002BCD29 /* PBXContainerItemProxy */;
		};
/* End PBXTargetDependency section */

/* Begin PBXVariantGroup section */
		19D1C57D22917178002BCD29 /* Main.storyboard */ = {
			isa = PBXVariantGroup;
			children = (
				19D1C57E22917178002BCD29 /* Base */,
			);
			name = Main.storyboard;
			sourceTree = "<group>";
		};
		19D1C5852291717A002BCD29 /* LaunchScreen.storyboard */ = {
			isa = PBXVariantGroup;
			children = (
				19D1C5862291717A002BCD29 /* Base */,
			);
			name = LaunchScreen.storyboard;
			sourceTree = "<group>";
		};
/* End PBXVariantGroup section */

/* Begin XCBuildConfiguration section */
		19D1C59F2291717A002BCD29 /* Debug */ = {
			isa = XCBuildConfiguration;
			buildSettings = {
				ALWAYS_SEARCH_USER_PATHS = NO;
				CLANG_ANALYZER_NONNULL = YES;
				CLANG_ANALYZER_NUMBER_OBJECT_CONVERSION = YES_AGGRESSIVE;
				CLANG_CXX_LANGUAGE_STANDARD = "gnu++14";
				CLANG_CXX_LIBRARY = "libc++";
				CLANG_ENABLE_MODULES = YES;
				CLANG_ENABLE_OBJC_ARC = YES;
				CLANG_ENABLE_OBJC_WEAK = YES;
				CLANG_WARN_BLOCK_CAPTURE_AUTORELEASING = YES;
				CLANG_WARN_BOOL_CONVERSION = YES;
				CLANG_WARN_COMMA = YES;
				CLANG_WARN_CONSTANT_CONVERSION = YES;
				CLANG_WARN_DEPRECATED_OBJC_IMPLEMENTATIONS = YES;
				CLANG_WARN_DIRECT_OBJC_ISA_USAGE = YES_ERROR;
				CLANG_WARN_DOCUMENTATION_COMMENTS = YES;
				CLANG_WARN_EMPTY_BODY = YES;
				CLANG_WARN_ENUM_CONVERSION = YES;
				CLANG_WARN_INFINITE_RECURSION = YES;
				CLANG_WARN_INT_CONVERSION = YES;
				CLANG_WARN_NON_LITERAL_NULL_CONVERSION = YES;
				CLANG_WARN_OBJC_IMPLICIT_RETAIN_SELF = YES;
				CLANG_WARN_OBJC_LITERAL_CONVERSION = YES;
				CLANG_WARN_OBJC_ROOT_CLASS = YES_ERROR;
				CLANG_WARN_RANGE_LOOP_ANALYSIS = YES;
				CLANG_WARN_STRICT_PROTOTYPES = YES;
				CLANG_WARN_SUSPICIOUS_MOVE = YES;
				CLANG_WARN_UNGUARDED_AVAILABILITY = YES_AGGRESSIVE;
				CLANG_WARN_UNREACHABLE_CODE = YES;
				CLANG_WARN__DUPLICATE_METHOD_MATCH = YES;
				CODE_SIGN_IDENTITY = "iPhone Developer";
				COPY_PHASE_STRIP = NO;
				DEBUG_INFORMATION_FORMAT = dwarf;
				ENABLE_STRICT_OBJC_MSGSEND = YES;
				ENABLE_TESTABILITY = YES;
				GCC_C_LANGUAGE_STANDARD = gnu11;
				GCC_DYNAMIC_NO_PIC = NO;
				GCC_NO_COMMON_BLOCKS = YES;
				GCC_OPTIMIZATION_LEVEL = 0;
				GCC_PREPROCESSOR_DEFINITIONS = (
					"DEBUG=1",
					"$(inherited)",
				);
				GCC_WARN_64_TO_32_BIT_CONVERSION = YES;
				GCC_WARN_ABOUT_RETURN_TYPE = YES_ERROR;
				GCC_WARN_UNDECLARED_SELECTOR = YES;
				GCC_WARN_UNINITIALIZED_AUTOS = YES_AGGRESSIVE;
				GCC_WARN_UNUSED_FUNCTION = YES;
				GCC_WARN_UNUSED_VARIABLE = YES;
				IPHONEOS_DEPLOYMENT_TARGET = 12.2;
				MTL_ENABLE_DEBUG_INFO = INCLUDE_SOURCE;
				MTL_FAST_MATH = YES;
				ONLY_ACTIVE_ARCH = YES;
				SDKROOT = iphoneos;
				SWIFT_ACTIVE_COMPILATION_CONDITIONS = DEBUG;
				SWIFT_OPTIMIZATION_LEVEL = "-Onone";
			};
			name = Debug;
		};
		19D1C5A02291717A002BCD29 /* Release */ = {
			isa = XCBuildConfiguration;
			buildSettings = {
				ALWAYS_SEARCH_USER_PATHS = NO;
				CLANG_ANALYZER_NONNULL = YES;
				CLANG_ANALYZER_NUMBER_OBJECT_CONVERSION = YES_AGGRESSIVE;
				CLANG_CXX_LANGUAGE_STANDARD = "gnu++14";
				CLANG_CXX_LIBRARY = "libc++";
				CLANG_ENABLE_MODULES = YES;
				CLANG_ENABLE_OBJC_ARC = YES;
				CLANG_ENABLE_OBJC_WEAK = YES;
				CLANG_WARN_BLOCK_CAPTURE_AUTORELEASING = YES;
				CLANG_WARN_BOOL_CONVERSION = YES;
				CLANG_WARN_COMMA = YES;
				CLANG_WARN_CONSTANT_CONVERSION = YES;
				CLANG_WARN_DEPRECATED_OBJC_IMPLEMENTATIONS = YES;
				CLANG_WARN_DIRECT_OBJC_ISA_USAGE = YES_ERROR;
				CLANG_WARN_DOCUMENTATION_COMMENTS = YES;
				CLANG_WARN_EMPTY_BODY = YES;
				CLANG_WARN_ENUM_CONVERSION = YES;
				CLANG_WARN_INFINITE_RECURSION = YES;
				CLANG_WARN_INT_CONVERSION = YES;
				CLANG_WARN_NON_LITERAL_NULL_CONVERSION = YES;
				CLANG_WARN_OBJC_IMPLICIT_RETAIN_SELF = YES;
				CLANG_WARN_OBJC_LITERAL_CONVERSION = YES;
				CLANG_WARN_OBJC_ROOT_CLASS = YES_ERROR;
				CLANG_WARN_RANGE_LOOP_ANALYSIS = YES;
				CLANG_WARN_STRICT_PROTOTYPES = YES;
				CLANG_WARN_SUSPICIOUS_MOVE = YES;
				CLANG_WARN_UNGUARDED_AVAILABILITY = YES_AGGRESSIVE;
				CLANG_WARN_UNREACHABLE_CODE = YES;
				CLANG_WARN__DUPLICATE_METHOD_MATCH = YES;
				CODE_SIGN_IDENTITY = "iPhone Developer";
				COPY_PHASE_STRIP = NO;
				DEBUG_INFORMATION_FORMAT = "dwarf-with-dsym";
				ENABLE_NS_ASSERTIONS = NO;
				ENABLE_STRICT_OBJC_MSGSEND = YES;
				GCC_C_LANGUAGE_STANDARD = gnu11;
				GCC_NO_COMMON_BLOCKS = YES;
				GCC_WARN_64_TO_32_BIT_CONVERSION = YES;
				GCC_WARN_ABOUT_RETURN_TYPE = YES_ERROR;
				GCC_WARN_UNDECLARED_SELECTOR = YES;
				GCC_WARN_UNINITIALIZED_AUTOS = YES_AGGRESSIVE;
				GCC_WARN_UNUSED_FUNCTION = YES;
				GCC_WARN_UNUSED_VARIABLE = YES;
				IPHONEOS_DEPLOYMENT_TARGET = 12.2;
				MTL_ENABLE_DEBUG_INFO = NO;
				MTL_FAST_MATH = YES;
				SDKROOT = iphoneos;
				SWIFT_COMPILATION_MODE = wholemodule;
				SWIFT_OPTIMIZATION_LEVEL = "-O";
				VALIDATE_PRODUCT = YES;
			};
			name = Release;
		};
		19D1C5A22291717A002BCD29 /* Debug */ = {
			isa = XCBuildConfiguration;
			buildSettings = {
				ASSETCATALOG_COMPILER_APPICON_NAME = AppIcon;
				CODE_SIGN_STYLE = Automatic;
				DEVELOPMENT_TEAM = 9BF3QTHJ36;
				INFOPLIST_FILE = CoreData/Info.plist;
				LD_RUNPATH_SEARCH_PATHS = (
					"$(inherited)",
					"@executable_path/Frameworks",
				);
				PRODUCT_BUNDLE_IDENTIFIER = com.alin.CoreData;
				PRODUCT_NAME = "$(TARGET_NAME)";
				SWIFT_VERSION = 5.0;
				TARGETED_DEVICE_FAMILY = "1,2";
			};
			name = Debug;
		};
		19D1C5A32291717A002BCD29 /* Release */ = {
			isa = XCBuildConfiguration;
			buildSettings = {
				ASSETCATALOG_COMPILER_APPICON_NAME = AppIcon;
				CODE_SIGN_STYLE = Automatic;
				DEVELOPMENT_TEAM = 9BF3QTHJ36;
				INFOPLIST_FILE = CoreData/Info.plist;
				LD_RUNPATH_SEARCH_PATHS = (
					"$(inherited)",
					"@executable_path/Frameworks",
				);
				PRODUCT_BUNDLE_IDENTIFIER = com.alin.CoreData;
				PRODUCT_NAME = "$(TARGET_NAME)";
				SWIFT_VERSION = 5.0;
				TARGETED_DEVICE_FAMILY = "1,2";
			};
			name = Release;
		};
		19D1C5A52291717A002BCD29 /* Debug */ = {
			isa = XCBuildConfiguration;
			buildSettings = {
				ALWAYS_EMBED_SWIFT_STANDARD_LIBRARIES = YES;
				BUNDLE_LOADER = "$(TEST_HOST)";
				CODE_SIGN_STYLE = Automatic;
				DEVELOPMENT_TEAM = 9BF3QTHJ36;
				INFOPLIST_FILE = CoreDataTests/Info.plist;
				LD_RUNPATH_SEARCH_PATHS = (
					"$(inherited)",
					"@executable_path/Frameworks",
					"@loader_path/Frameworks",
				);
				PRODUCT_BUNDLE_IDENTIFIER = com.alin.CoreDataTests;
				PRODUCT_NAME = "$(TARGET_NAME)";
				SWIFT_VERSION = 5.0;
				TARGETED_DEVICE_FAMILY = "1,2";
				TEST_HOST = "$(BUILT_PRODUCTS_DIR)/CoreData.app/CoreData";
			};
			name = Debug;
		};
		19D1C5A62291717A002BCD29 /* Release */ = {
			isa = XCBuildConfiguration;
			buildSettings = {
				ALWAYS_EMBED_SWIFT_STANDARD_LIBRARIES = YES;
				BUNDLE_LOADER = "$(TEST_HOST)";
				CODE_SIGN_STYLE = Automatic;
				DEVELOPMENT_TEAM = 9BF3QTHJ36;
				INFOPLIST_FILE = CoreDataTests/Info.plist;
				LD_RUNPATH_SEARCH_PATHS = (
					"$(inherited)",
					"@executable_path/Frameworks",
					"@loader_path/Frameworks",
				);
				PRODUCT_BUNDLE_IDENTIFIER = com.alin.CoreDataTests;
				PRODUCT_NAME = "$(TARGET_NAME)";
				SWIFT_VERSION = 5.0;
				TARGETED_DEVICE_FAMILY = "1,2";
				TEST_HOST = "$(BUILT_PRODUCTS_DIR)/CoreData.app/CoreData";
			};
			name = Release;
		};
		19D1C5A82291717A002BCD29 /* Debug */ = {
			isa = XCBuildConfiguration;
			buildSettings = {
				ALWAYS_EMBED_SWIFT_STANDARD_LIBRARIES = YES;
				CODE_SIGN_STYLE = Automatic;
				DEVELOPMENT_TEAM = 9BF3QTHJ36;
				INFOPLIST_FILE = CoreDataUITests/Info.plist;
				LD_RUNPATH_SEARCH_PATHS = (
					"$(inherited)",
					"@executable_path/Frameworks",
					"@loader_path/Frameworks",
				);
				PRODUCT_BUNDLE_IDENTIFIER = com.alin.CoreDataUITests;
				PRODUCT_NAME = "$(TARGET_NAME)";
				SWIFT_VERSION = 5.0;
				TARGETED_DEVICE_FAMILY = "1,2";
				TEST_TARGET_NAME = CoreData;
			};
			name = Debug;
		};
		19D1C5A92291717A002BCD29 /* Release */ = {
			isa = XCBuildConfiguration;
			buildSettings = {
				ALWAYS_EMBED_SWIFT_STANDARD_LIBRARIES = YES;
				CODE_SIGN_STYLE = Automatic;
				DEVELOPMENT_TEAM = 9BF3QTHJ36;
				INFOPLIST_FILE = CoreDataUITests/Info.plist;
				LD_RUNPATH_SEARCH_PATHS = (
					"$(inherited)",
					"@executable_path/Frameworks",
					"@loader_path/Frameworks",
				);
				PRODUCT_BUNDLE_IDENTIFIER = com.alin.CoreDataUITests;
				PRODUCT_NAME = "$(TARGET_NAME)";
				SWIFT_VERSION = 5.0;
				TARGETED_DEVICE_FAMILY = "1,2";
				TEST_TARGET_NAME = CoreData;
			};
			name = Release;
		};
/* End XCBuildConfiguration section */

/* Begin XCConfigurationList section */
		19D1C57122917178002BCD29 /* Build configuration list for PBXProject "CoreData" */ = {
			isa = XCConfigurationList;
			buildConfigurations = (
				19D1C59F2291717A002BCD29 /* Debug */,
				19D1C5A02291717A002BCD29 /* Release */,
			);
			defaultConfigurationIsVisible = 0;
			defaultConfigurationName = Release;
		};
		19D1C5A12291717A002BCD29 /* Build configuration list for PBXNativeTarget "CoreData" */ = {
			isa = XCConfigurationList;
			buildConfigurations = (
				19D1C5A22291717A002BCD29 /* Debug */,
				19D1C5A32291717A002BCD29 /* Release */,
			);
			defaultConfigurationIsVisible = 0;
			defaultConfigurationName = Release;
		};
		19D1C5A42291717A002BCD29 /* Build configuration list for PBXNativeTarget "CoreDataTests" */ = {
			isa = XCConfigurationList;
			buildConfigurations = (
				19D1C5A52291717A002BCD29 /* Debug */,
				19D1C5A62291717A002BCD29 /* Release */,
			);
			defaultConfigurationIsVisible = 0;
			defaultConfigurationName = Release;
		};
		19D1C5A72291717A002BCD29 /* Build configuration list for PBXNativeTarget "CoreDataUITests" */ = {
			isa = XCConfigurationList;
			buildConfigurations = (
				19D1C5A82291717A002BCD29 /* Debug */,
				19D1C5A92291717A002BCD29 /* Release */,
			);
			defaultConfigurationIsVisible = 0;
			defaultConfigurationName = Release;
		};
/* End XCConfigurationList section */

/* Begin XCVersionGroup section */
		19D1C58022917178002BCD29 /* CoreData.xcdatamodeld */ = {
			isa = XCVersionGroup;
			children = (
				19D1C58122917178002BCD29 /* CoreData.xcdatamodel */,
			);
			currentVersion = 19D1C58122917178002BCD29 /* CoreData.xcdatamodel */;
			path = CoreData.xcdatamodeld;
			sourceTree = "<group>";
			versionGroupType = wrapper.xcdatamodel;
		};
/* End XCVersionGroup section */
	};
	rootObject = 19D1C56E22917178002BCD29 /* Project object */;
}
